
Microsoft Visual Studio Solution File, Format Version 12.00
# Visual Studio Version 17
VisualStudioVersion = 17.6.33801.468
MinimumVisualStudioVersion = 10.0.40219.1
Project("{9A19103F-16F7-4668-BE54-9A1E7A4F7556}") = "BlazorAppLogin", "BlazorAppLogin.csproj", "{0F3EC484-FB54-4099-8127-D99F38F8A7A3}"
EndProject
Global
	GlobalSection(SolutionConfigurationPlatforms) = preSolution
		Debug|Any CPU = Debug|Any CPU
		Release|Any CPU = Release|Any CPU
	EndGlobalSection
	GlobalSection(ProjectConfigurationPlatforms) = postSolution
		{0F3EC484-FB54-4099-8127-D99F38F8A7A3}.Debug|Any CPU.ActiveCfg = Debug|Any CPU
		{0F3EC484-FB54-4099-8127-D99F38F8A7A3}.Debug|Any CPU.Build.0 = Debug|Any CPU
		{0F3EC484-FB54-4099-8127-D99F38F8A7A3}.Release|Any CPU.ActiveCfg = Release|Any CPU
		{0F3EC484-FB54-4099-8127-D99F38F8A7A3}.Release|Any CPU.Build.0 = Release|Any CPU
	EndGlobalSection
	GlobalSection(SolutionProperties) = preSolution
		HideSolutionNode = FALSE
	EndGlobalSection
	GlobalSection(ExtensibilityGlobals) = postSolution
		SolutionGuid = {914BFF07-5571-4111-89A3-9C41B22F23EF}
	EndGlobalSection
EndGlobal
